
Microsoft Visual Studio Solution File, Format Version 12.00
# Visual Studio Version 17
VisualStudioVersion = 17.12.35527.113
MinimumVisualStudioVersion = 10.0.40219.1
Project("{FAE04EC0-301F-11D3-BF4B-00C04F79EFBC}") = "OXYGEN", "GOODBYE_Oxygen\OXYGEN.csproj", "{10DC3224-84D9-44A2-A747-B9943E67C412}"
EndProject
Global
	GlobalSection(SolutionConfigurationPlatforms) = preSolution
		Debug|Any CPU = Debug|Any CPU
		Release|Any CPU = Release|Any CPU
	EndGlobalSection
	GlobalSection(ProjectConfigurationPlatforms) = postSolution
		{10DC3224-84D9-44A2-A747-B9943E67C412}.Debug|Any CPU.ActiveCfg = Debug|Any CPU
		{10DC3224-84D9-44A2-A747-B9943E67C412}.Debug|Any CPU.Build.0 = Debug|Any CPU
		{10DC3224-84D9-44A2-A747-B9943E67C412}.Release|Any CPU.ActiveCfg = Release|Any CPU
		{10DC3224-84D9-44A2-A747-B9943E67C412}.Release|Any CPU.Build.0 = Release|Any CPU
	EndGlobalSection
	GlobalSection(SolutionProperties) = preSolution
		HideSolutionNode = FALSE
	EndGlobalSection
EndGlobal
